
Microsoft Visual Studio Solution File, Format Version 12.00
# Visual Studio Version 17
VisualStudioVersion = 17.2.32630.192
MinimumVisualStudioVersion = 10.0.40219.1
Project("{FAE04EC0-301F-11D3-BF4B-00C04F79EFBC}") = "CQRS_and_Mediator_Project", "CQRS_and_Mediator_Project.csproj", "{CC1C4B59-8051-4E10-B371-D674A0296847}"
EndProject
Global
	GlobalSection(SolutionConfigurationPlatforms) = preSolution
		Debug|Any CPU = Debug|Any CPU
		Release|Any CPU = Release|Any CPU
	EndGlobalSection
	GlobalSection(ProjectConfigurationPlatforms) = postSolution
		{CC1C4B59-8051-4E10-B371-D674A0296847}.Debug|Any CPU.ActiveCfg = Debug|Any CPU
		{CC1C4B59-8051-4E10-B371-D674A0296847}.Debug|Any CPU.Build.0 = Debug|Any CPU
		{CC1C4B59-8051-4E10-B371-D674A0296847}.Release|Any CPU.ActiveCfg = Release|Any CPU
		{CC1C4B59-8051-4E10-B371-D674A0296847}.Release|Any CPU.Build.0 = Release|Any CPU
	EndGlobalSection
	GlobalSection(SolutionProperties) = preSolution
		HideSolutionNode = FALSE
	EndGlobalSection
	GlobalSection(ExtensibilityGlobals) = postSolution
		SolutionGuid = {4ED467C9-882E-41F8-A1DE-3D4621942DF8}
	EndGlobalSection
EndGlobal
